// !$*UTF8*$!
{
	archiveVersion = 1;
	classes = {
	};
	objectVersion = 46;
	objects = {

/* Begin PBXBuildFile section */
		672ECA6A1B789AF700B9292B /* AppDelegate.swift in Sources */ = {isa = PBXBuildFile; fileRef = 672ECA691B789AF700B9292B /* AppDelegate.swift */; };
		672ECA6C1B789AF700B9292B /* ViewController.swift in Sources */ = {isa = PBXBuildFile; fileRef = 672ECA6B1B789AF700B9292B /* ViewController.swift */; };
		672ECA6F1B789AF700B9292B /* Main.storyboard in Resources */ = {isa = PBXBuildFile; fileRef = 672ECA6D1B789AF700B9292B /* Main.storyboard */; };
		672ECA711B789AF700B9292B /* Images.xcassets in Resources */ = {isa = PBXBuildFile; fileRef = 672ECA701B789AF700B9292B /* Images.xcassets */; };
		672ECA741B789AF700B9292B /* LaunchScreen.xib in Resources */ = {isa = PBXBuildFile; fileRef = 672ECA721B789AF700B9292B /* LaunchScreen.xib */; };
		672ECA801B789AF700B9292B /* RMDownloadIndicator_SwiftTests.swift in Sources */ = {isa = PBXBuildFile; fileRef = 672ECA7F1B789AF700B9292B /* RMDownloadIndicator_SwiftTests.swift */; };
		672ECA8A1B789BDC00B9292B /* RMDownloadIndicator.swift in Sources */ = {isa = PBXBuildFile; fileRef = 672ECA891B789BDC00B9292B /* RMDownloadIndicator.swift */; };
/* End PBXBuildFile section */

/* Begin PBXContainerItemProxy section */
		672ECA7A1B789AF700B9292B /* PBXContainerItemProxy */ = {
			isa = PBXContainerItemProxy;
			containerPortal = 672ECA5C1B789AF700B9292B /* Project object */;
			proxyType = 1;
			remoteGlobalIDString = 672ECA631B789AF700B9292B;
			remoteInfo = "RMDownloadIndicator-Swift";
		};
/* End PBXContainerItemProxy section */

/* Begin PBXFileReference section */
		672ECA641B789AF700B9292B /* RMDownloadIndicator-Swift.app */ = {isa = PBXFileReference; explicitFileType = wrapper.application; includeInIndex = 0; path = "RMDownloadIndicator-Swift.app"; sourceTree = BUILT_PRODUCTS_DIR; };
		672ECA681B789AF700B9292B /* Info.plist */ = {isa = PBXFileReference; lastKnownFileType = text.plist.xml; path = Info.plist; sourceTree = "<group>"; };
		672ECA691B789AF700B9292B /* AppDelegate.swift */ = {isa = PBXFileReference; lastKnownFileType = sourcecode.swift; path = AppDelegate.swift; sourceTree = "<group>"; };
		672ECA6B1B789AF700B9292B /* ViewController.swift */ = {isa = PBXFileReference; lastKnownFileType = sourcecode.swift; path = ViewController.swift; sourceTree = "<group>"; };
		672ECA6E1B789AF700B9292B /* Base */ = {isa = PBXFileReference; lastKnownFileType = file.storyboard; name = Base; path = Base.lproj/Main.storyboard; sourceTree = "<group>"; };
		672ECA701B789AF700B9292B /* Images.xcassets */ = {isa = PBXFileReference; lastKnownFileType = folder.assetcatalog; path = Images.xcassets; sourceTree = "<group>"; };
		672ECA731B789AF700B9292B /* Base */ = {isa = PBXFileReference; lastKnownFileType = file.xib; name = Base; path = Base.lproj/LaunchScreen.xib; sourceTree = "<group>"; };
		672ECA791B789AF700B9292B /* RMDownloadIndicator-SwiftTests.xctest */ = {isa = PBXFileReference; explicitFileType = wrapper.cfbundle; includeInIndex = 0; path = "RMDownloadIndicator-SwiftTests.xctest"; sourceTree = BUILT_PRODUCTS_DIR; };
		672ECA7E1B789AF700B9292B /* Info.plist */ = {isa = PBXFileReference; lastKnownFileType = text.plist.xml; path = Info.plist; sourceTree = "<group>"; };
		672ECA7F1B789AF700B9292B /* RMDownloadIndicator_SwiftTests.swift */ = {isa = PBXFileReference; lastKnownFileType = sourcecode.swift; path = RMDownloadIndicator_SwiftTests.swift; sourceTree = "<group>"; };
		672ECA891B789BDC00B9292B /* RMDownloadIndicator.swift */ = {isa = PBXFileReference; fileEncoding = 4; lastKnownFileType = sourcecode.swift; path = RMDownloadIndicator.swift; sourceTree = "<group>"; };
/* End PBXFileReference section */

/* Begin PBXFrameworksBuildPhase section */
		672ECA611B789AF700B9292B /* Frameworks */ = {
			isa = PBXFrameworksBuildPhase;
			buildActionMask = 2147483647;
			files = (
			);
			runOnlyForDeploymentPostprocessing = 0;
		};
		672ECA761B789AF700B9292B /* Frameworks */ = {
			isa = PBXFrameworksBuildPhase;
			buildActionMask = 2147483647;
			files = (
			);
			runOnlyForDeploymentPostprocessing = 0;
		};
/* End PBXFrameworksBuildPhase section */

/* Begin PBXGroup section */
		672ECA5B1B789AF700B9292B = {
			isa = PBXGroup;
			children = (
				672ECA661B789AF700B9292B /* RMDownloadIndicator-Swift */,
				672ECA7C1B789AF700B9292B /* RMDownloadIndicator-SwiftTests */,
				672ECA651B789AF700B9292B /* Products */,
			);
			sourceTree = "<group>";
		};
		672ECA651B789AF700B9292B /* Products */ = {
			isa = PBXGroup;
			children = (
				672ECA641B789AF700B9292B /* RMDownloadIndicator-Swift.app */,
				672ECA791B789AF700B9292B /* RMDownloadIndicator-SwiftTests.xctest */,
			);
			name = Products;
			sourceTree = "<group>";
		};
		672ECA661B789AF700B9292B /* RMDownloadIndicator-Swift */ = {
			isa = PBXGroup;
			children = (
				672ECA691B789AF700B9292B /* AppDelegate.swift */,
				672ECA891B789BDC00B9292B /* RMDownloadIndicator.swift */,
				672ECA6B1B789AF700B9292B /* ViewController.swift */,
				672ECA6D1B789AF700B9292B /* Main.storyboard */,
				672ECA701B789AF700B9292B /* Images.xcassets */,
				672ECA721B789AF700B9292B /* LaunchScreen.xib */,
				672ECA671B789AF700B9292B /* Supporting Files */,
			);
			path = "RMDownloadIndicator-Swift";
			sourceTree = "<group>";
		};
		672ECA671B789AF700B9292B /* Supporting Files */ = {
			isa = PBXGroup;
			children = (
				672ECA681B789AF700B9292B /* Info.plist */,
			);
			name = "Supporting Files";
			sourceTree = "<group>";
		};
		672ECA7C1B789AF700B9292B /* RMDownloadIndicator-SwiftTests */ = {
			isa = PBXGroup;
			children = (
				672ECA7F1B789AF700B9292B /* RMDownloadIndicator_SwiftTests.swift */,
				672ECA7D1B789AF700B9292B /* Supporting Files */,
			);
			path = "RMDownloadIndicator-SwiftTests";
			sourceTree = "<group>";
		};
		672ECA7D1B789AF700B9292B /* Supporting Files */ = {
			isa = PBXGroup;
			children = (
				672ECA7E1B789AF700B9292B /* Info.plist */,
			);
			name = "Supporting Files";
			sourceTree = "<group>";
		};
/* End PBXGroup section */

/* Begin PBXNativeTarget section */
		672ECA631B789AF700B9292B /* RMDownloadIndicator-Swift */ = {
			isa = PBXNativeTarget;
			buildConfigurationList = 672ECA831B789AF700B9292B /* Build configuration list for PBXNativeTarget "RMDownloadIndicator-Swift" */;
			buildPhases = (
				672ECA601B789AF700B9292B /* Sources */,
				672ECA611B789AF700B9292B /* Frameworks */,
				672ECA621B789AF700B9292B /* Resources */,
			);
			buildRules = (
			);
			dependencies = (
			);
			name = "RMDownloadIndicator-Swift";
			productName = "RMDownloadIndicator-Swift";
			productReference = 672ECA641B789AF700B9292B /* RMDownloadIndicator-Swift.app */;
			productType = "com.apple.product-type.application";
		};
		672ECA781B789AF700B9292B /* RMDownloadIndicator-SwiftTests */ = {
			isa = PBXNativeTarget;
			buildConfigurationList = 672ECA861B789AF700B9292B /* Build configuration list for PBXNativeTarget "RMDownloadIndicator-SwiftTests" */;
			buildPhases = (
				672ECA751B789AF700B9292B /* Sources */,
				672ECA761B789AF700B9292B /* Frameworks */,
				672ECA771B789AF700B9292B /* Resources */,
			);
			buildRules = (
			);
			dependencies = (
				672ECA7B1B789AF700B9292B /* PBXTargetDependency */,
			);
			name = "RMDownloadIndicator-SwiftTests";
			productName = "RMDownloadIndicator-SwiftTests";
			productReference = 672ECA791B789AF700B9292B /* RMDownloadIndicator-SwiftTests.xctest */;
			productType = "com.apple.product-type.bundle.unit-test";
		};
/* End PBXNativeTarget section */

/* Begin PBXProject section */
		672ECA5C1B789AF700B9292B /* Project object */ = {
			isa = PBXProject;
			attributes = {
				LastUpgradeCheck = 0640;
				ORGANIZATIONNAME = "Mahesh Shanbhag";
				TargetAttributes = {
					672ECA631B789AF700B9292B = {
						CreatedOnToolsVersion = 6.4;
					};
					672ECA781B789AF700B9292B = {
						CreatedOnToolsVersion = 6.4;
						TestTargetID = 672ECA631B789AF700B9292B;
					};
				};
			};
			buildConfigurationList = 672ECA5F1B789AF700B9292B /* Build configuration list for PBXProject "RMDownloadIndicator-Swift" */;
			compatibilityVersion = "Xcode 3.2";
			developmentRegion = English;
			hasScannedForEncodings = 0;
			knownRegions = (
				en,
				Base,
			);
			mainGroup = 672ECA5B1B789AF700B9292B;
			productRefGroup = 672ECA651B789AF700B9292B /* Products */;
			projectDirPath = "";
			projectRoot = "";
			targets = (
				672ECA631B789AF700B9292B /* RMDownloadIndicator-Swift */,
				672ECA781B789AF700B9292B /* RMDownloadIndicator-SwiftTests */,
			);
		};
/* End PBXProject section */

/* Begin PBXResourcesBuildPhase section */
		672ECA621B789AF700B9292B /* Resources */ = {
			isa = PBXResourcesBuildPhase;
			buildActionMask = 2147483647;
			files = (
				672ECA6F1B789AF700B9292B /* Main.storyboard in Resources */,
				672ECA741B789AF700B9292B /* LaunchScreen.xib in Resources */,
				672ECA711B789AF700B9292B /* Images.xcassets in Resources */,
			);
			runOnlyForDeploymentPostprocessing = 0;
		};
		672ECA771B789AF700B9292B /* Resources */ = {
			isa = PBXResourcesBuildPhase;
			buildActionMask = 2147483647;
			files = (
			);
			runOnlyForDeploymentPostprocessing = 0;
		};
/* End PBXResourcesBuildPhase section */

/* Begin PBXSourcesBuildPhase section */
		672ECA601B789AF700B9292B /* Sources */ = {
			isa = PBXSourcesBuildPhase;
			buildActionMask = 2147483647;
			files = (
				672ECA6C1B789AF700B9292B /* ViewController.swift in Sources */,
				672ECA6A1B789AF700B9292B /* AppDelegate.swift in Sources */,
				672ECA8A1B789BDC00B9292B /* RMDownloadIndicator.swift in Sources */,
			);
			runOnlyForDeploymentPostprocessing = 0;
		};
		672ECA751B789AF700B9292B /* Sources */ = {
			isa = PBXSourcesBuildPhase;
			buildActionMask = 2147483647;
			files = (
				672ECA801B789AF700B9292B /* RMDownloadIndicator_SwiftTests.swift in Sources */,
			);
			runOnlyForDeploymentPostprocessing = 0;
		};
/* End PBXSourcesBuildPhase section */

/* Begin PBXTargetDependency section */
		672ECA7B1B789AF700B9292B /* PBXTargetDependency */ = {
			isa = PBXTargetDependency;
			target = 672ECA631B789AF700B9292B /* RMDownloadIndicator-Swift */;
			targetProxy = 672ECA7A1B789AF700B9292B /* PBXContainerItemProxy */;
		};
/* End PBXTargetDependency section */

/* Begin PBXVariantGroup section */
		672ECA6D1B789AF700B9292B /* Main.storyboard */ = {
			isa = PBXVariantGroup;
			children = (
				672ECA6E1B789AF700B9292B /* Base */,
			);
			name = Main.storyboard;
			sourceTree = "<group>";
		};
		672ECA721B789AF700B9292B /* LaunchScreen.xib */ = {
			isa = PBXVariantGroup;
			children = (
				672ECA731B789AF700B9292B /* Base */,
			);
			name = LaunchScreen.xib;
			sourceTree = "<group>";
		};
/* End PBXVariantGroup section */

/* Begin XCBuildConfiguration section */
		672ECA811B789AF700B9292B /* Debug */ = {
			isa = XCBuildConfiguration;
			buildSettings = {
				ALWAYS_SEARCH_USER_PATHS = NO;
				CLANG_CXX_LANGUAGE_STANDARD = "gnu++0x";
				CLANG_CXX_LIBRARY = "libc++";
				CLANG_ENABLE_MODULES = YES;
				CLANG_ENABLE_OBJC_ARC = YES;
				CLANG_WARN_BOOL_CONVERSION = YES;
				CLANG_WARN_CONSTANT_CONVERSION = YES;
				CLANG_WARN_DIRECT_OBJC_ISA_USAGE = YES_ERROR;
				CLANG_WARN_EMPTY_BODY = YES;
				CLANG_WARN_ENUM_CONVERSION = YES;
				CLANG_WARN_INT_CONVERSION = YES;
				CLANG_WARN_OBJC_ROOT_CLASS = YES_ERROR;
				CLANG_WARN_UNREACHABLE_CODE = YES;
				CLANG_WARN__DUPLICATE_METHOD_MATCH = YES;
				"CODE_SIGN_IDENTITY[sdk=iphoneos*]" = "iPhone Developer";
				COPY_PHASE_STRIP = NO;
				DEBUG_INFORMATION_FORMAT = "dwarf-with-dsym";
				ENABLE_STRICT_OBJC_MSGSEND = YES;
				GCC_C_LANGUAGE_STANDARD = gnu99;
				GCC_DYNAMIC_NO_PIC = NO;
				GCC_NO_COMMON_BLOCKS = YES;
				GCC_OPTIMIZATION_LEVEL = 0;
				GCC_PREPROCESSOR_DEFINITIONS = (
					"DEBUG=1",
					"$(inherited)",
				);
				GCC_SYMBOLS_PRIVATE_EXTERN = NO;
				GCC_WARN_64_TO_32_BIT_CONVERSION = YES;
				GCC_WARN_ABOUT_RETURN_TYPE = YES_ERROR;
				GCC_WARN_UNDECLARED_SELECTOR = YES;
				GCC_WARN_UNINITIALIZED_AUTOS = YES_AGGRESSIVE;
				GCC_WARN_UNUSED_FUNCTION = YES;
				GCC_WARN_UNUSED_VARIABLE = YES;
				IPHONEOS_DEPLOYMENT_TARGET = 8.4;
				MTL_ENABLE_DEBUG_INFO = YES;
				ONLY_ACTIVE_ARCH = YES;
				SDKROOT = iphoneos;
				SWIFT_OPTIMIZATION_LEVEL = "-Onone";
			};
			name = Debug;
		};
		672ECA821B789AF700B9292B /* Release */ = {
			isa = XCBuildConfiguration;
			buildSettings = {
				ALWAYS_SEARCH_USER_PATHS = NO;
				CLANG_CXX_LANGUAGE_STANDARD = "gnu++0x";
				CLANG_CXX_LIBRARY = "libc++";
				CLANG_ENABLE_MODULES = YES;
				CLANG_ENABLE_OBJC_ARC = YES;
				CLANG_WARN_BOOL_CONVERSION = YES;
				CLANG_WARN_CONSTANT_CONVERSION = YES;
				CLANG_WARN_DIRECT_OBJC_ISA_USAGE = YES_ERROR;
				CLANG_WARN_EMPTY_BODY = YES;
				CLANG_WARN_ENUM_CONVERSION = YES;
				CLANG_WARN_INT_CONVERSION = YES;
				CLANG_WARN_OBJC_ROOT_CLASS = YES_ERROR;
				CLANG_WARN_UNREACHABLE_CODE = YES;
				CLANG_WARN__DUPLICATE_METHOD_MATCH = YES;
				"CODE_SIGN_IDENTITY[sdk=iphoneos*]" = "iPhone Developer";
				COPY_PHASE_STRIP = NO;
				DEBUG_INFORMATION_FORMAT = "dwarf-with-dsym";
				ENABLE_NS_ASSERTIONS = NO;
				ENABLE_STRICT_OBJC_MSGSEND = YES;
				GCC_C_LANGUAGE_STANDARD = gnu99;
				GCC_NO_COMMON_BLOCKS = YES;
				GCC_WARN_64_TO_32_BIT_CONVERSION = YES;
				GCC_WARN_ABOUT_RETURN_TYPE = YES_ERROR;
				GCC_WARN_UNDECLARED_SELECTOR = YES;
				GCC_WARN_UNINITIALIZED_AUTOS = YES_AGGRESSIVE;
				GCC_WARN_UNUSED_FUNCTION = YES;
				GCC_WARN_UNUSED_VARIABLE = YES;
				IPHONEOS_DEPLOYMENT_TARGET = 8.4;
				MTL_ENABLE_DEBUG_INFO = NO;
				SDKROOT = iphoneos;
				VALIDATE_PRODUCT = YES;
			};
			name = Release;
		};
		672ECA841B789AF700B9292B /* Debug */ = {
			isa = XCBuildConfiguration;
			buildSettings = {
				ASSETCATALOG_COMPILER_APPICON_NAME = AppIcon;
				INFOPLIST_FILE = "RMDownloadIndicator-Swift/Info.plist";
				LD_RUNPATH_SEARCH_PATHS = "$(inherited) @executable_path/Frameworks";
				PRODUCT_NAME = "$(TARGET_NAME)";
			};
			name = Debug;
		};
		672ECA851B789AF700B9292B /* Release */ = {
			isa = XCBuildConfiguration;
			buildSettings = {
				ASSETCATALOG_COMPILER_APPICON_NAME = AppIcon;
				INFOPLIST_FILE = "RMDownloadIndicator-Swift/Info.plist";
				LD_RUNPATH_SEARCH_PATHS = "$(inherited) @executable_path/Frameworks";
				PRODUCT_NAME = "$(TARGET_NAME)";
			};
			name = Release;
		};
		672ECA871B789AF700B9292B /* Debug */ = {
			isa = XCBuildConfiguration;
			buildSettings = {
				BUNDLE_LOADER = "$(TEST_HOST)";
				FRAMEWORK_SEARCH_PATHS = (
					"$(SDKROOT)/Developer/Library/Frameworks",
					"$(inherited)",
				);
				GCC_PREPROCESSOR_DEFINITIONS = (
					"DEBUG=1",
					"$(inherited)",
				);
				INFOPLIST_FILE = "RMDownloadIndicator-SwiftTests/Info.plist";
				LD_RUNPATH_SEARCH_PATHS = "$(inherited) @executable_path/Frameworks @loader_path/Frameworks";
				PRODUCT_NAME = "$(TARGET_NAME)";
				TEST_HOST = "$(BUILT_PRODUCTS_DIR)/RMDownloadIndicator-Swift.app/RMDownloadIndicator-Swift";
			};
			name = Debug;
		};
		672ECA881B789AF700B9292B /* Release */ = {
			isa = XCBuildConfiguration;
			buildSettings = {
				BUNDLE_LOADER = "$(TEST_HOST)";
				FRAMEWORK_SEARCH_PATHS = (
					"$(SDKROOT)/Developer/Library/Frameworks",
					"$(inherited)",
				);
				INFOPLIST_FILE = "RMDownloadIndicator-SwiftTests/Info.plist";
				LD_RUNPATH_SEARCH_PATHS = "$(inherited) @executable_path/Frameworks @loader_path/Frameworks";
				PRODUCT_NAME = "$(TARGET_NAME)";
				TEST_HOST = "$(BUILT_PRODUCTS_DIR)/RMDownloadIndicator-Swift.app/RMDownloadIndicator-Swift";
			};
			name = Release;
		};
/* End XCBuildConfiguration section */

/* Begin XCConfigurationList section */
		672ECA5F1B789AF700B9292B /* Build configuration list for PBXProject "RMDownloadIndicator-Swift" */ = {
			isa = XCConfigurationList;
			buildConfigurations = (
				672ECA811B789AF700B9292B /* Debug */,
				672ECA821B789AF700B9292B /* Release */,
			);
			defaultConfigurationIsVisible = 0;
			defaultConfigurationName = Release;
		};
		672ECA831B789AF700B9292B /* Build configuration list for PBXNativeTarget "RMDownloadIndicator-Swift" */ = {
			isa = XCConfigurationList;
			buildConfigurations = (
				672ECA841B789AF700B9292B /* Debug */,
				672ECA851B789AF700B9292B /* Release */,
			);
			defaultConfigurationIsVisible = 0;
		};
		672ECA861B789AF700B9292B /* Build configuration list for PBXNativeTarget "RMDownloadIndicator-SwiftTests" */ = {
			isa = XCConfigurationList;
			buildConfigurations = (
				672ECA871B789AF700B9292B /* Debug */,
				672ECA881B789AF700B9292B /* Release */,
			);
			defaultConfigurationIsVisible = 0;
		};
/* End XCConfigurationList section */
	};
	rootObject = 672ECA5C1B789AF700B9292B /* Project object */;
}
